Microsoft Visual Studio Solution File, Format Version 12.00
# Visual Studio Version 16
VisualStudioVersion = 16.0.30413.136
MinimumVisualStudioVersion = 10.0.40219.1
Project("{F2A71F9B-5D33-465A-A702-920D77279786}") = "Combinatorics", "Combinatorics\Combinatorics.fsproj", "{C3260B91-FD6D-4470-B128-260425A6F313}"
EndProject
Project("{F2A71F9B-5D33-465A-A702-920D77279786}") = "Random", "Random\Random.fsproj", "{1564E7D6-442E-4297-B1F9-BE4DB5DFD948}"
EndProject
Project("{6EC3EE1D-3C4E-46DD-8F32-0CC8E7565705}") = "Freestylecoding.Math", "Freestylecoding.Math\Freestylecoding.Math.fsproj", "{61AC4CEB-8474-464F-B10F-E06D3633FFD3}"
EndProject
Project("{6EC3EE1D-3C4E-46DD-8F32-0CC8E7565705}") = "Freestylecoding.Math.FSharp.Tests", "Freestylecoding.Math.FSharp.Tests\Freestylecoding.Math.FSharp.Tests.fsproj", "{E2CA849E-0953-4444-887E-9DB794C6396D}"
EndProject
Project("{9A19103F-16F7-4668-BE54-9A1E7A4F7556}") = "Freestylecoding.Math.CSharp.Tests", "Freestylecoding.Math.CSharp.Tests\Freestylecoding.Math.CSharp.Tests.csproj", "{FC135325-8108-42B6-8D26-07BE3A8AE78A}"
EndProject
Project("{F2A71F9B-5D33-465A-A702-920D77279786}") = "Freestylecoding.Math.Linear", "Freestylecoding.Math.Linear\Freestylecoding.Math.Linear.fsproj", "{13689690-C88B-4F40-9210-5D5E8ABCD898}"
EndProject
Project("{F2A71F9B-5D33-465A-A702-920D77279786}") = "Freestylecoding.Math.Linear.FSharp.Tests", "Freestylecoding.Math.Linear.FSharp.Tests\Freestylecoding.Math.Linear.FSharp.Tests.fsproj", "{52350999-17D4-4989-8D0D-9E32FAD3BB95}"
EndProject
Global
	GlobalSection(SolutionConfigurationPlatforms) = preSolution
		Debug|Any CPU = Debug|Any CPU
		Release|Any CPU = Release|Any CPU
	EndGlobalSection
	GlobalSection(ProjectConfigurationPlatforms) = postSolution
		{C3260B91-FD6D-4470-B128-260425A6F313}.Debug|Any CPU.ActiveCfg = Debug|Any CPU
		{C3260B91-FD6D-4470-B128-260425A6F313}.Debug|Any CPU.Build.0 = Debug|Any CPU
		{C3260B91-FD6D-4470-B128-260425A6F313}.Release|Any CPU.ActiveCfg = Release|Any CPU
		{C3260B91-FD6D-4470-B128-260425A6F313}.Release|Any CPU.Build.0 = Release|Any CPU
		{1564E7D6-442E-4297-B1F9-BE4DB5DFD948}.Debug|Any CPU.ActiveCfg = Debug|Any CPU
		{1564E7D6-442E-4297-B1F9-BE4DB5DFD948}.Debug|Any CPU.Build.0 = Debug|Any CPU
		{1564E7D6-442E-4297-B1F9-BE4DB5DFD948}.Release|Any CPU.ActiveCfg = Release|Any CPU
		{1564E7D6-442E-4297-B1F9-BE4DB5DFD948}.Release|Any CPU.Build.0 = Release|Any CPU
		{61AC4CEB-8474-464F-B10F-E06D3633FFD3}.Debug|Any CPU.ActiveCfg = Debug|Any CPU
		{61AC4CEB-8474-464F-B10F-E06D3633FFD3}.Debug|Any CPU.Build.0 = Debug|Any CPU
		{61AC4CEB-8474-464F-B10F-E06D3633FFD3}.Release|Any CPU.ActiveCfg = Release|Any CPU
		{61AC4CEB-8474-464F-B10F-E06D3633FFD3}.Release|Any CPU.Build.0 = Release|Any CPU
		{E2CA849E-0953-4444-887E-9DB794C6396D}.Debug|Any CPU.ActiveCfg = Debug|Any CPU
		{E2CA849E-0953-4444-887E-9DB794C6396D}.Debug|Any CPU.Build.0 = Debug|Any CPU
		{E2CA849E-0953-4444-887E-9DB794C6396D}.Release|Any CPU.ActiveCfg = Release|Any CPU
		{E2CA849E-0953-4444-887E-9DB794C6396D}.Release|Any CPU.Build.0 = Release|Any CPU
		{FC135325-8108-42B6-8D26-07BE3A8AE78A}.Debug|Any CPU.ActiveCfg = Debug|Any CPU
		{FC135325-8108-42B6-8D26-07BE3A8AE78A}.Debug|Any CPU.Build.0 = Debug|Any CPU
		{FC135325-8108-42B6-8D26-07BE3A8AE78A}.Release|Any CPU.ActiveCfg = Release|Any CPU
		{FC135325-8108-42B6-8D26-07BE3A8AE78A}.Release|Any CPU.Build.0 = Release|Any CPU
		{13689690-C88B-4F40-9210-5D5E8ABCD898}.Debug|Any CPU.ActiveCfg = Debug|Any CPU
		{13689690-C88B-4F40-9210-5D5E8ABCD898}.Debug|Any CPU.Build.0 = Debug|Any CPU
		{13689690-C88B-4F40-9210-5D5E8ABCD898}.Release|Any CPU.ActiveCfg = Release|Any CPU
		{13689690-C88B-4F40-9210-5D5E8ABCD898}.Release|Any CPU.Build.0 = Release|Any CPU
		{52350999-17D4-4989-8D0D-9E32FAD3BB95}.Debug|Any CPU.ActiveCfg = Debug|Any CPU
		{52350999-17D4-4989-8D0D-9E32FAD3BB95}.Debug|Any CPU.Build.0 = Debug|Any CPU
		{52350999-17D4-4989-8D0D-9E32FAD3BB95}.Release|Any CPU.ActiveCfg = Release|Any CPU
		{52350999-17D4-4989-8D0D-9E32FAD3BB95}.Release|Any CPU.Build.0 = Release|Any CPU
	EndGlobalSection
	GlobalSection(SolutionProperties) = preSolution
		HideSolutionNode = FALSE
	EndGlobalSection
	GlobalSection(ExtensibilityGlobals) = postSolution
		SolutionGuid = {117B4282-7327-4821-A363-89E8C2C92961}
	EndGlobalSection
	GlobalSection(MonoDevelopProperties) = preSolution
		Policies = $0
		$0.DotNetNamingPolicy = $1
		$0.TextStylePolicy = $2
		$2.TabsToSpaces = True
		$2.NoTabsAfterNonTabs = True
		$2.scope = text/x-fsharp
		$0.FSharpFormattingPolicy = $3
		$3.DefaultFormat = $4
		$4.IndentOnTryWith = False
		$4.ReorderOpenDeclaration = True
		$4.SpaceAfterComma = True
		$4.SpaceAfterSemicolon = True
		$4.SpaceAroundDelimiter = True
		$4.SpaceBeforeArgument = True
		$4.SpaceBeforeColon = True
		$4.__added = 0
		$3.scope = text/x-fsharp
		$0.StandardHeader = $5
		$0.VersionControlPolicy = $6
		outputpath = bin
	EndGlobalSection
EndGlobal
